
Microsoft Visual Studio Solution File, Format Version 12.00
# Visual Studio Version 16
VisualStudioVersion = 16.0.31005.135
MinimumVisualStudioVersion = 10.0.40219.1
Project("{FAE04EC0-301F-11D3-BF4B-00C04F79EFBC}") = "WebJobNews", "WebJobNews\WebJobNews.csproj", "{33720EF7-CF56-455C-A551-F3CC251C4450}"
EndProject
Global
	GlobalSection(SolutionConfigurationPlatforms) = preSolution
		Debug|Any CPU = Debug|Any CPU
		Release|Any CPU = Release|Any CPU
	EndGlobalSection
	GlobalSection(ProjectConfigurationPlatforms) = postSolution
		{33720EF7-CF56-455C-A551-F3CC251C4450}.Debug|Any CPU.ActiveCfg = Debug|Any CPU
		{33720EF7-CF56-455C-A551-F3CC251C4450}.Debug|Any CPU.Build.0 = Debug|Any CPU
		{33720EF7-CF56-455C-A551-F3CC251C4450}.Release|Any CPU.ActiveCfg = Release|Any CPU
		{33720EF7-CF56-455C-A551-F3CC251C4450}.Release|Any CPU.Build.0 = Release|Any CPU
	EndGlobalSection
	GlobalSection(SolutionProperties) = preSolution
		HideSolutionNode = FALSE
	EndGlobalSection
	GlobalSection(ExtensibilityGlobals) = postSolution
		SolutionGuid = {C9B4859C-12B9-49B5-956F-1B13B543ED8E}
	EndGlobalSection
EndGlobal
